
Microsoft Visual Studio Solution File, Format Version 12.00
# Visual Studio Version 17
VisualStudioVersion = 17.8.34511.84
MinimumVisualStudioVersion = 10.0.40219.1
Project("{FAE04EC0-301F-11D3-BF4B-00C04F79EFBC}") = "Azienda", "Azienda\Azienda.csproj", "{5B587A07-F8AF-4C32-B2CA-69176E16591F}"
EndProject
Global
	GlobalSection(SolutionConfigurationPlatforms) = preSolution
		Debug|Any CPU = Debug|Any CPU
		Release|Any CPU = Release|Any CPU
	EndGlobalSection
	GlobalSection(ProjectConfigurationPlatforms) = postSolution
		{5B587A07-F8AF-4C32-B2CA-69176E16591F}.Debug|Any CPU.ActiveCfg = Debug|Any CPU
		{5B587A07-F8AF-4C32-B2CA-69176E16591F}.Debug|Any CPU.Build.0 = Debug|Any CPU
		{5B587A07-F8AF-4C32-B2CA-69176E16591F}.Release|Any CPU.ActiveCfg = Release|Any CPU
		{5B587A07-F8AF-4C32-B2CA-69176E16591F}.Release|Any CPU.Build.0 = Release|Any CPU
	EndGlobalSection
	GlobalSection(SolutionProperties) = preSolution
		HideSolutionNode = FALSE
	EndGlobalSection
	GlobalSection(ExtensibilityGlobals) = postSolution
		SolutionGuid = {C7F6995F-FAE9-4A2A-B63B-41E19BDC4D4A}
	EndGlobalSection
EndGlobal
