
Microsoft Visual Studio Solution File, Format Version 12.00
# Visual Studio Version 17
VisualStudioVersion = 17.8.34511.84
MinimumVisualStudioVersion = 10.0.40219.1
Project("{FAE04EC0-301F-11D3-BF4B-00C04F79EFBC}") = "ClasseAuto", "ClasseAuto\ClasseAuto.csproj", "{74003E4D-B501-4B79-A5CA-FD2492F361CD}"
EndProject
Global
	GlobalSection(SolutionConfigurationPlatforms) = preSolution
		Debug|Any CPU = Debug|Any CPU
		Release|Any CPU = Release|Any CPU
	EndGlobalSection
	GlobalSection(ProjectConfigurationPlatforms) = postSolution
		{74003E4D-B501-4B79-A5CA-FD2492F361CD}.Debug|Any CPU.ActiveCfg = Debug|Any CPU
		{74003E4D-B501-4B79-A5CA-FD2492F361CD}.Debug|Any CPU.Build.0 = Debug|Any CPU
		{74003E4D-B501-4B79-A5CA-FD2492F361CD}.Release|Any CPU.ActiveCfg = Release|Any CPU
		{74003E4D-B501-4B79-A5CA-FD2492F361CD}.Release|Any CPU.Build.0 = Release|Any CPU
	EndGlobalSection
	GlobalSection(SolutionProperties) = preSolution
		HideSolutionNode = FALSE
	EndGlobalSection
	GlobalSection(ExtensibilityGlobals) = postSolution
		SolutionGuid = {94CEDEFD-AAA6-4303-BF07-ED147E528643}
	EndGlobalSection
EndGlobal
