
Microsoft Visual Studio Solution File, Format Version 12.00
# Visual Studio Version 17
VisualStudioVersion = 17.8.34511.84
MinimumVisualStudioVersion = 10.0.40219.1
Project("{FAE04EC0-301F-11D3-BF4B-00C04F79EFBC}") = "ArrayMenu", "ArrayMenu\ArrayMenu.csproj", "{FDAD113F-FDD8-482E-9D69-E1D7940542DB}"
EndProject
Global
	GlobalSection(SolutionConfigurationPlatforms) = preSolution
		Debug|Any CPU = Debug|Any CPU
		Release|Any CPU = Release|Any CPU
	EndGlobalSection
	GlobalSection(ProjectConfigurationPlatforms) = postSolution
		{FDAD113F-FDD8-482E-9D69-E1D7940542DB}.Debug|Any CPU.ActiveCfg = Debug|Any CPU
		{FDAD113F-FDD8-482E-9D69-E1D7940542DB}.Debug|Any CPU.Build.0 = Debug|Any CPU
		{FDAD113F-FDD8-482E-9D69-E1D7940542DB}.Release|Any CPU.ActiveCfg = Release|Any CPU
		{FDAD113F-FDD8-482E-9D69-E1D7940542DB}.Release|Any CPU.Build.0 = Release|Any CPU
	EndGlobalSection
	GlobalSection(SolutionProperties) = preSolution
		HideSolutionNode = FALSE
	EndGlobalSection
	GlobalSection(ExtensibilityGlobals) = postSolution
		SolutionGuid = {FB0DCE81-697B-409D-9035-F9F97C710AA5}
	EndGlobalSection
EndGlobal
